// !$*UTF8*$!
{
	archiveVersion = 1;
	classes = {
	};
	objectVersion = 50;
	objects = {

/* Begin PBXBuildFile section */
		C26721B724E32F59005AF2B5 /* AppDelegate.swift in Sources */ = {isa = PBXBuildFile; fileRef = C26721B624E32F59005AF2B5 /* AppDelegate.swift */; };
		C26721B924E32F59005AF2B5 /* SceneDelegate.swift in Sources */ = {isa = PBXBuildFile; fileRef = C26721B824E32F59005AF2B5 /* SceneDelegate.swift */; };
		C26721BB24E32F59005AF2B5 /* ViewController.swift in Sources */ = {isa = PBXBuildFile; fileRef = C26721BA24E32F59005AF2B5 /* ViewController.swift */; };
		C26721BE24E32F59005AF2B5 /* Main.storyboard in Resources */ = {isa = PBXBuildFile; fileRef = C26721BC24E32F59005AF2B5 /* Main.storyboard */; };
		C26721C024E32F5C005AF2B5 /* Assets.xcassets in Resources */ = {isa = PBXBuildFile; fileRef = C26721BF24E32F5C005AF2B5 /* Assets.xcassets */; };
		C26721C324E32F5C005AF2B5 /* LaunchScreen.storyboard in Resources */ = {isa = PBXBuildFile; fileRef = C26721C124E32F5C005AF2B5 /* LaunchScreen.storyboard */; };
		C26721CC24E33088005AF2B5 /* WebKit.framework in Frameworks */ = {isa = PBXBuildFile; fileRef = C26721CB24E33088005AF2B5 /* WebKit.framework */; };
		C26721D024E330F0005AF2B5 /* Extensions.swift in Sources */ = {isa = PBXBuildFile; fileRef = C26721CE24E330F0005AF2B5 /* Extensions.swift */; };
		C26721D124E330F0005AF2B5 /* Debug.swift in Sources */ = {isa = PBXBuildFile; fileRef = C26721CF24E330F0005AF2B5 /* Debug.swift */; };
		C26721D524E331A7005AF2B5 /* WebCode in Resources */ = {isa = PBXBuildFile; fileRef = C26721D424E331A7005AF2B5 /* WebCode */; };
		C26721D724E331BD005AF2B5 /* Client.swift in Sources */ = {isa = PBXBuildFile; fileRef = C26721D624E331BD005AF2B5 /* Client.swift */; };
		C26721D924E33236005AF2B5 /* Music.swift in Sources */ = {isa = PBXBuildFile; fileRef = C26721D824E33236005AF2B5 /* Music.swift */; };
		C26721DB24E33334005AF2B5 /* Script.swift in Sources */ = {isa = PBXBuildFile; fileRef = C26721DA24E33334005AF2B5 /* Script.swift */; };
		C26721DE24E3337F005AF2B5 /* CSSHelper.swift in Sources */ = {isa = PBXBuildFile; fileRef = C26721DC24E3337F005AF2B5 /* CSSHelper.swift */; };
		C26721DF24E3337F005AF2B5 /* Clean.swift in Sources */ = {isa = PBXBuildFile; fileRef = C26721DD24E3337F005AF2B5 /* Clean.swift */; };
/* End PBXBuildFile section */

/* Begin PBXFileReference section */
		C26721B324E32F59005AF2B5 /* Music.app */ = {isa = PBXFileReference; explicitFileType = wrapper.application; includeInIndex = 0; path = Music.app; sourceTree = BUILT_PRODUCTS_DIR; };
		C26721B624E32F59005AF2B5 /* AppDelegate.swift */ = {isa = PBXFileReference; lastKnownFileType = sourcecode.swift; path = AppDelegate.swift; sourceTree = "<group>"; };
		C26721B824E32F59005AF2B5 /* SceneDelegate.swift */ = {isa = PBXFileReference; lastKnownFileType = sourcecode.swift; path = SceneDelegate.swift; sourceTree = "<group>"; };
		C26721BA24E32F59005AF2B5 /* ViewController.swift */ = {isa = PBXFileReference; lastKnownFileType = sourcecode.swift; path = ViewController.swift; sourceTree = "<group>"; };
		C26721BD24E32F59005AF2B5 /* Base */ = {isa = PBXFileReference; lastKnownFileType = file.storyboard; name = Base; path = Base.lproj/Main.storyboard; sourceTree = "<group>"; };
		C26721BF24E32F5C005AF2B5 /* Assets.xcassets */ = {isa = PBXFileReference; lastKnownFileType = folder.assetcatalog; path = Assets.xcassets; sourceTree = "<group>"; };
		C26721C224E32F5C005AF2B5 /* Base */ = {isa = PBXFileReference; lastKnownFileType = file.storyboard; name = Base; path = Base.lproj/LaunchScreen.storyboard; sourceTree = "<group>"; };
		C26721C424E32F5C005AF2B5 /* Info.plist */ = {isa = PBXFileReference; lastKnownFileType = text.plist.xml; path = Info.plist; sourceTree = "<group>"; };
		C26721CB24E33088005AF2B5 /* WebKit.framework */ = {isa = PBXFileReference; lastKnownFileType = wrapper.framework; name = WebKit.framework; path = System/Library/Frameworks/WebKit.framework; sourceTree = SDKROOT; };
		C26721CE24E330F0005AF2B5 /* Extensions.swift */ = {isa = PBXFileReference; fileEncoding = 4; lastKnownFileType = sourcecode.swift; path = Extensions.swift; sourceTree = "<group>"; };
		C26721CF24E330F0005AF2B5 /* Debug.swift */ = {isa = PBXFileReference; fileEncoding = 4; lastKnownFileType = sourcecode.swift; path = Debug.swift; sourceTree = "<group>"; };
		C26721D424E331A7005AF2B5 /* WebCode */ = {isa = PBXFileReference; lastKnownFileType = folder; path = WebCode; sourceTree = "<group>"; };
		C26721D624E331BD005AF2B5 /* Client.swift */ = {isa = PBXFileReference; lastKnownFileType = sourcecode.swift; path = Client.swift; sourceTree = "<group>"; };
		C26721D824E33236005AF2B5 /* Music.swift */ = {isa = PBXFileReference; lastKnownFileType = sourcecode.swift; path = Music.swift; sourceTree = "<group>"; };
		C26721DA24E33334005AF2B5 /* Script.swift */ = {isa = PBXFileReference; lastKnownFileType = sourcecode.swift; path = Script.swift; sourceTree = "<group>"; };
		C26721DC24E3337F005AF2B5 /* CSSHelper.swift */ = {isa = PBXFileReference; fileEncoding = 4; lastKnownFileType = sourcecode.swift; path = CSSHelper.swift; sourceTree = "<group>"; };
		C26721DD24E3337F005AF2B5 /* Clean.swift */ = {isa = PBXFileReference; fileEncoding = 4; lastKnownFileType = sourcecode.swift; path = Clean.swift; sourceTree = "<group>"; };
/* End PBXFileReference section */

/* Begin PBXFrameworksBuildPhase section */
		C26721B024E32F59005AF2B5 /* Frameworks */ = {
			isa = PBXFrameworksBuildPhase;
			buildActionMask = 2147483647;
			files = (
				C26721CC24E33088005AF2B5 /* WebKit.framework in Frameworks */,
			);
			runOnlyForDeploymentPostprocessing = 0;
		};
/* End PBXFrameworksBuildPhase section */

/* Begin PBXGroup section */
		C26721AA24E32F59005AF2B5 = {
			isa = PBXGroup;
			children = (
				C26721B524E32F59005AF2B5 /* Music */,
				C26721B424E32F59005AF2B5 /* Products */,
				C26721CA24E33088005AF2B5 /* Frameworks */,
			);
			sourceTree = "<group>";
		};
		C26721B424E32F59005AF2B5 /* Products */ = {
			isa = PBXGroup;
			children = (
				C26721B324E32F59005AF2B5 /* Music.app */,
			);
			name = Products;
			sourceTree = "<group>";
		};
		C26721B524E32F59005AF2B5 /* Music */ = {
			isa = PBXGroup;
			children = (
				C26721B624E32F59005AF2B5 /* AppDelegate.swift */,
				C26721B824E32F59005AF2B5 /* SceneDelegate.swift */,
				C26721BA24E32F59005AF2B5 /* ViewController.swift */,
				C26721BC24E32F59005AF2B5 /* Main.storyboard */,
				C26721BF24E32F5C005AF2B5 /* Assets.xcassets */,
				C26721C124E32F5C005AF2B5 /* LaunchScreen.storyboard */,
				C26721C424E32F5C005AF2B5 /* Info.plist */,
				C26721D224E3316B005AF2B5 /* Client */,
				C26721CD24E330C5005AF2B5 /* Extensions */,
				C26721D324E3317D005AF2B5 /* Scripts */,
				C26721D424E331A7005AF2B5 /* WebCode */,
			);
			path = Music;
			sourceTree = "<group>";
		};
		C26721CA24E33088005AF2B5 /* Frameworks */ = {
			isa = PBXGroup;
			children = (
				C26721CB24E33088005AF2B5 /* WebKit.framework */,
			);
			name = Frameworks;
			sourceTree = "<group>";
		};
		C26721CD24E330C5005AF2B5 /* Extensions */ = {
			isa = PBXGroup;
			children = (
				C26721CF24E330F0005AF2B5 /* Debug.swift */,
				C26721CE24E330F0005AF2B5 /* Extensions.swift */,
			);
			path = Extensions;
			sourceTree = "<group>";
		};
		C26721D224E3316B005AF2B5 /* Client */ = {
			isa = PBXGroup;
			children = (
				C26721D624E331BD005AF2B5 /* Client.swift */,
				C26721D824E33236005AF2B5 /* Music.swift */,
			);
			path = Client;
			sourceTree = "<group>";
		};
		C26721D324E3317D005AF2B5 /* Scripts */ = {
			isa = PBXGroup;
			children = (
				C26721DD24E3337F005AF2B5 /* Clean.swift */,
				C26721DC24E3337F005AF2B5 /* CSSHelper.swift */,
				C26721DA24E33334005AF2B5 /* Script.swift */,
			);
			path = Scripts;
			sourceTree = "<group>";
		};
/* End PBXGroup section */

/* Begin PBXNativeTarget section */
		C26721B224E32F59005AF2B5 /* Music */ = {
			isa = PBXNativeTarget;
			buildConfigurationList = C26721C724E32F5C005AF2B5 /* Build configuration list for PBXNativeTarget "Music" */;
			buildPhases = (
				C26721AF24E32F59005AF2B5 /* Sources */,
				C26721B024E32F59005AF2B5 /* Frameworks */,
				C26721B124E32F59005AF2B5 /* Resources */,
			);
			buildRules = (
			);
			dependencies = (
			);
			name = Music;
			productName = Music;
			productReference = C26721B324E32F59005AF2B5 /* Music.app */;
			productType = "com.apple.product-type.application";
		};
/* End PBXNativeTarget section */

/* Begin PBXProject section */
		C26721AB24E32F59005AF2B5 /* Project object */ = {
			isa = PBXProject;
			attributes = {
				LastSwiftUpdateCheck = 1160;
				LastUpgradeCheck = 1160;
				ORGANIZATIONNAME = "Justin Bush";
				TargetAttributes = {
					C26721B224E32F59005AF2B5 = {
						CreatedOnToolsVersion = 11.6;
					};
				};
			};
			buildConfigurationList = C26721AE24E32F59005AF2B5 /* Build configuration list for PBXProject "Music" */;
			compatibilityVersion = "Xcode 9.3";
			developmentRegion = en;
			hasScannedForEncodings = 0;
			knownRegions = (
				en,
				Base,
			);
			mainGroup = C26721AA24E32F59005AF2B5;
			productRefGroup = C26721B424E32F59005AF2B5 /* Products */;
			projectDirPath = "";
			projectRoot = "";
			targets = (
				C26721B224E32F59005AF2B5 /* Music */,
			);
		};
/* End PBXProject section */

/* Begin PBXResourcesBuildPhase section */
		C26721B124E32F59005AF2B5 /* Resources */ = {
			isa = PBXResourcesBuildPhase;
			buildActionMask = 2147483647;
			files = (
				C26721D524E331A7005AF2B5 /* WebCode in Resources */,
				C26721C324E32F5C005AF2B5 /* LaunchScreen.storyboard in Resources */,
				C26721C024E32F5C005AF2B5 /* Assets.xcassets in Resources */,
				C26721BE24E32F59005AF2B5 /* Main.storyboard in Resources */,
			);
			runOnlyForDeploymentPostprocessing = 0;
		};
/* End PBXResourcesBuildPhase section */

/* Begin PBXSourcesBuildPhase section */
		C26721AF24E32F59005AF2B5 /* Sources */ = {
			isa = PBXSourcesBuildPhase;
			buildActionMask = 2147483647;
			files = (
				C26721D924E33236005AF2B5 /* Music.swift in Sources */,
				C26721BB24E32F59005AF2B5 /* ViewController.swift in Sources */,
				C26721D124E330F0005AF2B5 /* Debug.swift in Sources */,
				C26721D724E331BD005AF2B5 /* Client.swift in Sources */,
				C26721DB24E33334005AF2B5 /* Script.swift in Sources */,
				C26721DF24E3337F005AF2B5 /* Clean.swift in Sources */,
				C26721DE24E3337F005AF2B5 /* CSSHelper.swift in Sources */,
				C26721B724E32F59005AF2B5 /* AppDelegate.swift in Sources */,
				C26721B924E32F59005AF2B5 /* SceneDelegate.swift in Sources */,
				C26721D024E330F0005AF2B5 /* Extensions.swift in Sources */,
			);
			runOnlyForDeploymentPostprocessing = 0;
		};
/* End PBXSourcesBuildPhase section */

/* Begin PBXVariantGroup section */
		C26721BC24E32F59005AF2B5 /* Main.storyboard */ = {
			isa = PBXVariantGroup;
			children = (
				C26721BD24E32F59005AF2B5 /* Base */,
			);
			name = Main.storyboard;
			sourceTree = "<group>";
		};
		C26721C124E32F5C005AF2B5 /* LaunchScreen.storyboard */ = {
			isa = PBXVariantGroup;
			children = (
				C26721C224E32F5C005AF2B5 /* Base */,
			);
			name = LaunchScreen.storyboard;
			sourceTree = "<group>";
		};
/* End PBXVariantGroup section */

/* Begin XCBuildConfiguration section */
		C26721C524E32F5C005AF2B5 /* Debug */ = {
			isa = XCBuildConfiguration;
			buildSettings = {
				ALWAYS_SEARCH_USER_PATHS = NO;
				CLANG_ANALYZER_NONNULL = YES;
				CLANG_ANALYZER_NUMBER_OBJECT_CONVERSION = YES_AGGRESSIVE;
				CLANG_CXX_LANGUAGE_STANDARD = "gnu++14";
				CLANG_CXX_LIBRARY = "libc++";
				CLANG_ENABLE_MODULES = YES;
				CLANG_ENABLE_OBJC_ARC = YES;
				CLANG_ENABLE_OBJC_WEAK = YES;
				CLANG_WARN_BLOCK_CAPTURE_AUTORELEASING = YES;
				CLANG_WARN_BOOL_CONVERSION = YES;
				CLANG_WARN_COMMA = YES;
				CLANG_WARN_CONSTANT_CONVERSION = YES;
				CLANG_WARN_DEPRECATED_OBJC_IMPLEMENTATIONS = YES;
				CLANG_WARN_DIRECT_OBJC_ISA_USAGE = YES_ERROR;
				CLANG_WARN_DOCUMENTATION_COMMENTS = YES;
				CLANG_WARN_EMPTY_BODY = YES;
				CLANG_WARN_ENUM_CONVERSION = YES;
				CLANG_WARN_INFINITE_RECURSION = YES;
				CLANG_WARN_INT_CONVERSION = YES;
				CLANG_WARN_NON_LITERAL_NULL_CONVERSION = YES;
				CLANG_WARN_OBJC_IMPLICIT_RETAIN_SELF = YES;
				CLANG_WARN_OBJC_LITERAL_CONVERSION = YES;
				CLANG_WARN_OBJC_ROOT_CLASS = YES_ERROR;
				CLANG_WARN_RANGE_LOOP_ANALYSIS = YES;
				CLANG_WARN_STRICT_PROTOTYPES = YES;
				CLANG_WARN_SUSPICIOUS_MOVE = YES;
				CLANG_WARN_UNGUARDED_AVAILABILITY = YES_AGGRESSIVE;
				CLANG_WARN_UNREACHABLE_CODE = YES;
				CLANG_WARN__DUPLICATE_METHOD_MATCH = YES;
				COPY_PHASE_STRIP = NO;
				DEBUG_INFORMATION_FORMAT = dwarf;
				ENABLE_STRICT_OBJC_MSGSEND = YES;
				ENABLE_TESTABILITY = YES;
				GCC_C_LANGUAGE_STANDARD = gnu11;
				GCC_DYNAMIC_NO_PIC = NO;
				GCC_NO_COMMON_BLOCKS = YES;
				GCC_OPTIMIZATION_LEVEL = 0;
				GCC_PREPROCESSOR_DEFINITIONS = (
					"DEBUG=1",
					"$(inherited)",
				);
				GCC_WARN_64_TO_32_BIT_CONVERSION = YES;
				GCC_WARN_ABOUT_RETURN_TYPE = YES_ERROR;
				GCC_WARN_UNDECLARED_SELECTOR = YES;
				GCC_WARN_UNINITIALIZED_AUTOS = YES_AGGRESSIVE;
				GCC_WARN_UNUSED_FUNCTION = YES;
				GCC_WARN_UNUSED_VARIABLE = YES;
				IPHONEOS_DEPLOYMENT_TARGET = 13.6;
				MTL_ENABLE_DEBUG_INFO = INCLUDE_SOURCE;
				MTL_FAST_MATH = YES;
				ONLY_ACTIVE_ARCH = YES;
				SDKROOT = iphoneos;
				SWIFT_ACTIVE_COMPILATION_CONDITIONS = DEBUG;
				SWIFT_OPTIMIZATION_LEVEL = "-Onone";
			};
			name = Debug;
		};
		C26721C624E32F5C005AF2B5 /* Release */ = {
			isa = XCBuildConfiguration;
			buildSettings = {
				ALWAYS_SEARCH_USER_PATHS = NO;
				CLANG_ANALYZER_NONNULL = YES;
				CLANG_ANALYZER_NUMBER_OBJECT_CONVERSION = YES_AGGRESSIVE;
				CLANG_CXX_LANGUAGE_STANDARD = "gnu++14";
				CLANG_CXX_LIBRARY = "libc++";
				CLANG_ENABLE_MODULES = YES;
				CLANG_ENABLE_OBJC_ARC = YES;
				CLANG_ENABLE_OBJC_WEAK = YES;
				CLANG_WARN_BLOCK_CAPTURE_AUTORELEASING = YES;
				CLANG_WARN_BOOL_CONVERSION = YES;
				CLANG_WARN_COMMA = YES;
				CLANG_WARN_CONSTANT_CONVERSION = YES;
				CLANG_WARN_DEPRECATED_OBJC_IMPLEMENTATIONS = YES;
				CLANG_WARN_DIRECT_OBJC_ISA_USAGE = YES_ERROR;
				CLANG_WARN_DOCUMENTATION_COMMENTS = YES;
				CLANG_WARN_EMPTY_BODY = YES;
				CLANG_WARN_ENUM_CONVERSION = YES;
				CLANG_WARN_INFINITE_RECURSION = YES;
				CLANG_WARN_INT_CONVERSION = YES;
				CLANG_WARN_NON_LITERAL_NULL_CONVERSION = YES;
				CLANG_WARN_OBJC_IMPLICIT_RETAIN_SELF = YES;
				CLANG_WARN_OBJC_LITERAL_CONVERSION = YES;
				CLANG_WARN_OBJC_ROOT_CLASS = YES_ERROR;
				CLANG_WARN_RANGE_LOOP_ANALYSIS = YES;
				CLANG_WARN_STRICT_PROTOTYPES = YES;
				CLANG_WARN_SUSPICIOUS_MOVE = YES;
				CLANG_WARN_UNGUARDED_AVAILABILITY = YES_AGGRESSIVE;
				CLANG_WARN_UNREACHABLE_CODE = YES;
				CLANG_WARN__DUPLICATE_METHOD_MATCH = YES;
				COPY_PHASE_STRIP = NO;
				DEBUG_INFORMATION_FORMAT = "dwarf-with-dsym";
				ENABLE_NS_ASSERTIONS = NO;
				ENABLE_STRICT_OBJC_MSGSEND = YES;
				GCC_C_LANGUAGE_STANDARD = gnu11;
				GCC_NO_COMMON_BLOCKS = YES;
				GCC_WARN_64_TO_32_BIT_CONVERSION = YES;
				GCC_WARN_ABOUT_RETURN_TYPE = YES_ERROR;
				GCC_WARN_UNDECLARED_SELECTOR = YES;
				GCC_WARN_UNINITIALIZED_AUTOS = YES_AGGRESSIVE;
				GCC_WARN_UNUSED_FUNCTION = YES;
				GCC_WARN_UNUSED_VARIABLE = YES;
				IPHONEOS_DEPLOYMENT_TARGET = 13.6;
				MTL_ENABLE_DEBUG_INFO = NO;
				MTL_FAST_MATH = YES;
				SDKROOT = iphoneos;
				SWIFT_COMPILATION_MODE = wholemodule;
				SWIFT_OPTIMIZATION_LEVEL = "-O";
				VALIDATE_PRODUCT = YES;
			};
			name = Release;
		};
		C26721C824E32F5C005AF2B5 /* Debug */ = {
			isa = XCBuildConfiguration;
			buildSettings = {
				ASSETCATALOG_COMPILER_APPICON_NAME = AppIcon;
				CODE_SIGN_STYLE = Automatic;
				DEVELOPMENT_TEAM = 85N3S3DG8M;
				INFOPLIST_FILE = Music/Info.plist;
				LD_RUNPATH_SEARCH_PATHS = (
					"$(inherited)",
					"@executable_path/Frameworks",
				);
				PRODUCT_BUNDLE_IDENTIFIER = ca.justinbush.Music;
				PRODUCT_NAME = "$(TARGET_NAME)";
				SWIFT_VERSION = 5.0;
				TARGETED_DEVICE_FAMILY = "1,2";
			};
			name = Debug;
		};
		C26721C924E32F5C005AF2B5 /* Release */ = {
			isa = XCBuildConfiguration;
			buildSettings = {
				ASSETCATALOG_COMPILER_APPICON_NAME = AppIcon;
				CODE_SIGN_STYLE = Automatic;
				DEVELOPMENT_TEAM = 85N3S3DG8M;
				INFOPLIST_FILE = Music/Info.plist;
				LD_RUNPATH_SEARCH_PATHS = (
					"$(inherited)",
					"@executable_path/Frameworks",
				);
				PRODUCT_BUNDLE_IDENTIFIER = ca.justinbush.Music;
				PRODUCT_NAME = "$(TARGET_NAME)";
				SWIFT_VERSION = 5.0;
				TARGETED_DEVICE_FAMILY = "1,2";
			};
			name = Release;
		};
/* End XCBuildConfiguration section */

/* Begin XCConfigurationList section */
		C26721AE24E32F59005AF2B5 /* Build configuration list for PBXProject "Music" */ = {
			isa = XCConfigurationList;
			buildConfigurations = (
				C26721C524E32F5C005AF2B5 /* Debug */,
				C26721C624E32F5C005AF2B5 /* Release */,
			);
			defaultConfigurationIsVisible = 0;
			defaultConfigurationName = Release;
		};
		C26721C724E32F5C005AF2B5 /* Build configuration list for PBXNativeTarget "Music" */ = {
			isa = XCConfigurationList;
			buildConfigurations = (
				C26721C824E32F5C005AF2B5 /* Debug */,
				C26721C924E32F5C005AF2B5 /* Release */,
			);
			defaultConfigurationIsVisible = 0;
			defaultConfigurationName = Release;
		};
/* End XCConfigurationList section */
	};
	rootObject = C26721AB24E32F59005AF2B5 /* Project object */;
}
